{
  "R": {
    "Version": "4.2.0",
    "Repositories": [
      {
        "Name": "RSPM",
        "URL": "https://packagemanager.rstudio.com/all/latest"
      }
    ]
  },
  "Packages": {
    "BH": {
      "Package": "BH",
      "Version": "1.75.0-0",
      "Source": "Repository",
      "Repository": "RSPM",
      "Hash": "e4c04affc2cac20c8fec18385cd14691",
      "Requirements": []
    },
    "DBI": {
      "Package": "DBI",
      "Version": "1.1.1",
      "Source": "Repository",
      "Repository": "RSPM",
      "Hash": "030aaec5bc6553f35347cbb1e70b1a17",
      "Requirements": []
    },
    "Formula": {
      "Package": "Formula",
      "Version": "1.2-4",
      "Source": "Repository",
      "Repository": "RSPM",
      "Hash": "cc8c8c4d61346cde1ca60030ff9c241f",
      "Requirements": []
    },
    "KernSmooth": {
      "Package": "KernSmooth",
      "Version": "2.23-20",
      "Source": "Repository",
      "Repository": "RSPM",
      "Hash": "8dcfa99b14c296bc9f1fd64d52fd3ce7",
      "Requirements": []
    },
    "MASS": {
      "Package": "MASS",
      "Version": "7.3-54",
      "Source": "Repository",
      "Repository": "RSPM",
      "Hash": "0e59129db205112e3963904db67fd0dc",
      "Requirements": []
    },
    "Matrix": {
      "Package": "Matrix",
      "Version": "1.3-4",
      "Source": "Repository",
      "Repository": "RSPM",
      "Hash": "4ed05e9c9726267e4a5872e09c04587c",
      "Requirements": []
    },
    "R6": {
      "Package": "R6",
      "Version": "2.5.1",
      "Source": "Repository",
      "Repository": "RSPM",
      "Hash": "470851b6d5d0ac559e9d01bb352b4021",
      "Requirements": []
    },
    "RColorBrewer": {
      "Package": "RColorBrewer",
      "Version": "1.1-2",
      "Source": "Repository",
      "Repository": "RSPM",
      "Hash": "e031418365a7f7a766181ab5a41a5716",
      "Requirements": []
    },
    "Rcpp": {
      "Package": "Rcpp",
      "Version": "1.0.7",
      "Source": "Repository",
      "Repository": "RSPM",
      "Hash": "dab19adae4440ae55aa8a9d238b246bb",
      "Requirements": []
    },
    "RcppEigen": {
      "Package": "RcppEigen",
      "Version": "0.3.3.9.1",
      "Source": "Repository",
      "Repository": "RSPM",
      "Hash": "ddfa72a87fdf4c80466a20818be91d00",
      "Requirements": []
    },
    "RcppParallel": {
      "Package": "RcppParallel",
      "Version": "5.1.4",
      "Source": "Repository",
      "Repository": "RSPM",
      "Hash": "0325b5be38a02d192828027983c7b470",
      "Requirements": []
    },
    "Rttf2pt1": {
      "Package": "Rttf2pt1",
      "Version": "1.3.8",
      "Source": "Repository",
      "Repository": "RSPM",
      "Hash": "8c4137a9ab70de4787d57758f8190617",
      "Requirements": []
    },
    "StanHeaders": {
      "Package": "StanHeaders",
      "Version": "2.21.0-7",
      "Source": "Repository",
      "Repository": "RSPM",
      "Hash": "0459d4dd7a8c239be18469a30c23dd4b",
      "Requirements": []
    },
    "V8": {
      "Package": "V8",
      "Version": "3.4.2",
      "Source": "Repository",
      "Repository": "RSPM",
      "Hash": "b181d4eb2904da0897a742a559964173",
      "Requirements": []
    },
    "askpass": {
      "Package": "askpass",
      "Version": "1.1",
      "Source": "Repository",
      "Repository": "RSPM",
      "Hash": "e8a22846fff485f0be3770c2da758713",
      "Requirements": []
    },
    "assertthat": {
      "Package": "assertthat",
      "Version": "0.2.1",
      "Source": "Repository",
      "Repository": "RSPM",
      "Hash": "50c838a310445e954bc13f26f26a6ecf",
      "Requirements": []
    },
    "backports": {
      "Package": "backports",
      "Version": "1.2.1",
      "Source": "Repository",
      "Repository": "RSPM",
      "Hash": "644043219fc24e190c2f620c1a380a69",
      "Requirements": []
    },
    "base64enc": {
      "Package": "base64enc",
      "Version": "0.1-3",
      "Source": "Repository",
      "Repository": "RSPM",
      "Hash": "543776ae6848fde2f48ff3816d0628bc",
      "Requirements": []
    },
    "base64url": {
      "Package": "base64url",
      "Version": "1.4",
      "Source": "Repository",
      "Repository": "RSPM",
      "Hash": "0c54cf3a08cc0e550fbd64ad33166143",
      "Requirements": []
    },
    "bigrquery": {
      "Package": "bigrquery",
      "Version": "1.3.2.9001",
      "Source": "GitHub",
      "RemoteType": "github",
      "RemoteHost": "api.github.com",
      "RemoteRepo": "bigrquery",
      "RemoteUsername": "r-dbi",
      "RemoteRef": "HEAD",
      "RemoteSha": "21e217b88fada9a44ae01c405b8dca8f29e5f59f",
      "Hash": "bc99ae28080560647537715dd38265ac",
      "Requirements": []
    },
    "bit": {
      "Package": "bit",
      "Version": "4.0.4",
      "Source": "Repository",
      "Repository": "RSPM",
      "Hash": "f36715f14d94678eea9933af927bc15d",
      "Requirements": []
    },
    "bit64": {
      "Package": "bit64",
      "Version": "4.0.5",
      "Source": "Repository",
      "Repository": "RSPM",
      "Hash": "9fe98599ca456d6552421db0d6772d8f",
      "Requirements": []
    },
    "callr": {
      "Package": "callr",
      "Version": "3.7.0",
      "Source": "Repository",
      "Repository": "RSPM",
      "Hash": "461aa75a11ce2400245190ef5d3995df",
      "Requirements": []
    },
    "checkmate": {
      "Package": "checkmate",
      "Version": "2.0.0",
      "Source": "Repository",
      "Repository": "RSPM",
      "Hash": "a667800d5f0350371bedeb8b8b950289",
      "Requirements": []
    },
    "class": {
      "Package": "class",
      "Version": "7.3-19",
      "Source": "Repository",
      "Repository": "RSPM",
      "Hash": "1593b7beb067c8381c0d24e38bd778e0",
      "Requirements": []
    },
    "classInt": {
      "Package": "classInt",
      "Version": "0.4-3",
      "Source": "Repository",
      "Repository": "RSPM",
      "Hash": "17bdfa3c51df4a6c82484d13b11fb380",
      "Requirements": []
    },
    "cli": {
      "Package": "cli",
      "Version": "3.1.0",
      "Source": "Repository",
      "Repository": "RSPM",
      "Hash": "66a3834e54593c89d8beefb312347e58",
      "Requirements": []
    },
    "colorspace": {
      "Package": "colorspace",
      "Version": "2.0-2",
      "Source": "Repository",
      "Repository": "RSPM",
      "Hash": "6baccb763ee83c0bd313460fdb8b8a84",
      "Requirements": []
    },
    "cpp11": {
      "Package": "cpp11",
      "Version": "0.4.0",
      "Source": "Repository",
      "Repository": "RSPM",
      "Hash": "40ba3fd26c8f61d8d14d334bc7761df9",
      "Requirements": []
    },
    "crayon": {
      "Package": "crayon",
      "Version": "1.4.2",
      "Source": "Repository",
      "Repository": "RSPM",
      "Hash": "0a6a65d92bd45b47b94b84244b528d17",
      "Requirements": []
    },
    "curl": {
      "Package": "curl",
      "Version": "4.3.2",
      "Source": "Repository",
      "Repository": "RSPM",
      "Hash": "022c42d49c28e95d69ca60446dbabf88",
      "Requirements": []
    },
    "data.table": {
      "Package": "data.table",
      "Version": "1.14.0",
      "Source": "Repository",
      "Repository": "RSPM",
      "Hash": "d1b8b1a821ee564a3515fa6c6d5c52dc",
      "Requirements": []
    },
    "desc": {
      "Package": "desc",
      "Version": "1.4.0",
      "Source": "Repository",
      "Repository": "RSPM",
      "Hash": "28763d08fadd0b733e3cee9dab4e12fe",
      "Requirements": []
    },
    "digest": {
      "Package": "digest",
      "Version": "0.6.28",
      "Source": "Repository",
      "Repository": "RSPM",
      "Hash": "49b5c6e230bfec487b8917d5a0c77cca",
      "Requirements": []
    },
    "dotCall64": {
      "Package": "dotCall64",
      "Version": "1.0-1",
      "Source": "Repository",
      "Repository": "RSPM",
      "Hash": "d0ef6cd1546530da4d72179b52856e84",
      "Requirements": []
    },
    "dplyr": {
      "Package": "dplyr",
      "Version": "1.0.7",
      "Source": "Repository",
      "Repository": "RSPM",
      "Hash": "36f1ae62f026c8ba9f9b5c9a08c03297",
      "Requirements": []
    },
    "drake": {
      "Package": "drake",
      "Version": "7.12.2",
      "Source": "Repository",
      "Repository": "RSPM",
      "Hash": "f1b1d4fa17d7006044b6c690888ed4e3",
      "Requirements": []
    },
    "dreamerr": {
      "Package": "dreamerr",
      "Version": "1.2.3",
      "Source": "Repository",
      "Repository": "RSPM",
      "Hash": "5b31f43f60613477ee28abec9ab07f1b",
      "Requirements": []
    },
    "dygraphs": {
      "Package": "dygraphs",
      "Version": "1.1.1.6",
      "Source": "Repository",
      "Repository": "RSPM",
      "Hash": "716869fffc16e282c118f8894e082a7d",
      "Requirements": []
    },
    "e1071": {
      "Package": "e1071",
      "Version": "1.7-8",
      "Source": "Repository",
      "Repository": "RSPM",
      "Hash": "28e8460677280027c8580b5450aa091e",
      "Requirements": []
    },
    "ellipsis": {
      "Package": "ellipsis",
      "Version": "0.3.2",
      "Source": "Repository",
      "Repository": "RSPM",
      "Hash": "bb0eec2fe32e88d9e2836c2f73ea2077",
      "Requirements": []
    },
    "evaluate": {
      "Package": "evaluate",
      "Version": "0.14",
      "Source": "Repository",
      "Repository": "RSPM",
      "Hash": "ec8ca05cffcc70569eaaad8469d2a3a7",
      "Requirements": []
    },
    "extraDistr": {
      "Package": "extraDistr",
      "Version": "1.9.1",
      "Source": "Repository",
      "Repository": "RSPM",
      "Hash": "9e29370a0dd450a33826a4932d3fa16d",
      "Requirements": []
    },
    "extrafont": {
      "Package": "extrafont",
      "Version": "0.17",
      "Source": "Repository",
      "Repository": "RSPM",
      "Hash": "7f2f50e8f998a4bea4b04650fc4f2ca8",
      "Requirements": []
    },
    "extrafontdb": {
      "Package": "extrafontdb",
      "Version": "1.0",
      "Source": "Repository",
      "Repository": "RSPM",
      "Hash": "a861555ddec7451c653b40e713166c6f",
      "Requirements": []
    },
    "fansi": {
      "Package": "fansi",
      "Version": "0.5.0",
      "Source": "Repository",
      "Repository": "RSPM",
      "Hash": "d447b40982c576a72b779f0a3b3da227",
      "Requirements": []
    },
    "farver": {
      "Package": "farver",
      "Version": "2.1.0",
      "Source": "Repository",
      "Repository": "RSPM",
      "Hash": "c98eb5133d9cb9e1622b8691487f11bb",
      "Requirements": []
    },
    "fastmap": {
      "Package": "fastmap",
      "Version": "1.1.0",
      "Source": "Repository",
      "Repository": "RSPM",
      "Hash": "77bd60a6157420d4ffa93b27cf6a58b8",
      "Requirements": []
    },
    "fields": {
      "Package": "fields",
      "Version": "12.5",
      "Source": "Repository",
      "Repository": "RSPM",
      "Hash": "40c466a47268b17ed5a9af42248d86c9",
      "Requirements": []
    },
    "filelock": {
      "Package": "filelock",
      "Version": "1.0.2",
      "Source": "Repository",
      "Repository": "RSPM",
      "Hash": "38ec653c2613bed60052ba3787bd8a2c",
      "Requirements": []
    },
    "fixest": {
      "Package": "fixest",
      "Version": "0.10.1",
      "Source": "Repository",
      "Repository": "RSPM",
      "Hash": "9a3a6cec29f7c2a49d98d197ac3cc9aa",
      "Requirements": []
    },
    "foreign": {
      "Package": "foreign",
      "Version": "0.8-81",
      "Source": "Repository",
      "Repository": "RSPM",
      "Hash": "74628ea7a3be5ee8a7b5bb0a8e84882e",
      "Requirements": []
    },
    "fs": {
      "Package": "fs",
      "Version": "1.5.0",
      "Source": "Repository",
      "Repository": "RSPM",
      "Hash": "44594a07a42e5f91fac9f93fda6d0109",
      "Requirements": []
    },
    "fst": {
      "Package": "fst",
      "Version": "0.9.4",
      "Source": "Repository",
      "Repository": "RSPM",
      "Hash": "66c2d5dffed8d181b9555617beb2d0f9",
      "Requirements": []
    },
    "gargle": {
      "Package": "gargle",
      "Version": "1.1.0",
      "Source": "Repository",
      "Repository": "RSPM",
      "Hash": "bc3bc77ea458de0a6efe94e8e7e9c641",
      "Requirements": []
    },
    "gdtools": {
      "Package": "gdtools",
      "Version": "0.2.2",
      "Source": "Repository",
      "Repository": "RSPM",
      "Hash": "38f4026c0d09edb3a4474685cef68342",
      "Requirements": []
    },
    "generics": {
      "Package": "generics",
      "Version": "0.1.1",
      "Source": "Repository",
      "Repository": "RSPM",
      "Hash": "3f6bcfb0ee5d671d9fd1893d2faa79cb",
      "Requirements": []
    },
    "ggiplot": {
      "Package": "ggiplot",
      "Version": "0.0.0.9000",
      "Source": "GitHub",
      "RemoteType": "github",
      "RemoteHost": "api.github.com",
      "RemoteUsername": "grantmcdermott",
      "RemoteRepo": "ggiplot",
      "RemoteRef": "master",
      "RemoteSha": "4610a0d5f54d1968a5c2f161d70e06e5b706b16d",
      "Hash": "c3e31e8e8bd8e2b411da83d7afde4d4a",
      "Requirements": []
    },
    "ggplot2": {
      "Package": "ggplot2",
      "Version": "3.3.5",
      "Source": "Repository",
      "Repository": "RSPM",
      "Hash": "d7566c471c7b17e095dd023b9ef155ad",
      "Requirements": []
    },
    "ggthemes": {
      "Package": "ggthemes",
      "Version": "4.2.4",
      "Source": "Repository",
      "Repository": "RSPM",
      "Hash": "617fb2c300f68e8b1ba21043fba88fd7",
      "Requirements": []
    },
    "glue": {
      "Package": "glue",
      "Version": "1.5.0",
      "Source": "Repository",
      "Repository": "RSPM",
      "Hash": "5ccb956a6d09b4ca448094582f8c7571",
      "Requirements": []
    },
    "gridExtra": {
      "Package": "gridExtra",
      "Version": "2.3",
      "Source": "Repository",
      "Repository": "RSPM",
      "Hash": "7d7f283939f563670a697165b2cf5560",
      "Requirements": []
    },
    "gtable": {
      "Package": "gtable",
      "Version": "0.3.0",
      "Source": "Repository",
      "Repository": "RSPM",
      "Hash": "ac5c6baf7822ce8732b343f14c072c4d",
      "Requirements": []
    },
    "here": {
      "Package": "here",
      "Version": "0.1",
      "Source": "Repository",
      "Repository": "RSPM",
      "Hash": "2c0406b8e0a4c3516ab37be62da74e3c",
      "Requirements": []
    },
    "highr": {
      "Package": "highr",
      "Version": "0.8",
      "Source": "Repository",
      "Repository": "RSPM",
      "Hash": "4dc5bb88961e347a0f4d8aad597cbfac",
      "Requirements": []
    },
    "hms": {
      "Package": "hms",
      "Version": "1.0.0",
      "Source": "Repository",
      "Repository": "RSPM",
      "Hash": "bf552cdd96f5969873afdac7311c7d0d",
      "Requirements": []
    },
    "hrbrthemes": {
      "Package": "hrbrthemes",
      "Version": "0.8.0",
      "Source": "Repository",
      "Repository": "RSPM",
      "Hash": "0d1257948f016840ad90320ed19c8c7d",
      "Requirements": []
    },
    "htmltools": {
      "Package": "htmltools",
      "Version": "0.5.2",
      "Source": "Repository",
      "Repository": "RSPM",
      "Hash": "526c484233f42522278ab06fb185cb26",
      "Requirements": []
    },
    "htmlwidgets": {
      "Package": "htmlwidgets",
      "Version": "1.5.4",
      "Source": "Repository",
      "Repository": "RSPM",
      "Hash": "76147821cd3fcd8c4b04e1ef0498e7fb",
      "Requirements": []
    },
    "httr": {
      "Package": "httr",
      "Version": "1.4.2",
      "Source": "Repository",
      "Repository": "RSPM",
      "Hash": "a525aba14184fec243f9eaec62fbed43",
      "Requirements": []
    },
    "igraph": {
      "Package": "igraph",
      "Version": "1.2.5",
      "Source": "Repository",
      "Repository": "RSPM",
      "Hash": "3878c30ce67cdb7f2d7f72554e37f476",
      "Requirements": []
    },
    "inline": {
      "Package": "inline",
      "Version": "0.3.19",
      "Source": "Repository",
      "Repository": "RSPM",
      "Hash": "1deaf1de3eac7e1d3377954b3a283652",
      "Requirements": []
    },
    "isoband": {
      "Package": "isoband",
      "Version": "0.2.5",
      "Source": "Repository",
      "Repository": "RSPM",
      "Hash": "7ab57a6de7f48a8dc84910d1eca42883",
      "Requirements": []
    },
    "jsonlite": {
      "Package": "jsonlite",
      "Version": "1.7.2",
      "Source": "Repository",
      "Repository": "RSPM",
      "Hash": "98138e0994d41508c7a6b84a0600cfcb",
      "Requirements": []
    },
    "knitr": {
      "Package": "knitr",
      "Version": "1.28",
      "Source": "Repository",
      "Repository": "RSPM",
      "Hash": "915a6f0134cdbdf016d7778bc80b2eda",
      "Requirements": []
    },
    "labeling": {
      "Package": "labeling",
      "Version": "0.4.2",
      "Source": "Repository",
      "Repository": "RSPM",
      "Hash": "3d5108641f47470611a32d0bdf357a72",
      "Requirements": []
    },
    "lattice": {
      "Package": "lattice",
      "Version": "0.20-45",
      "Source": "Repository",
      "Repository": "RSPM",
      "Hash": "b64cdbb2b340437c4ee047a1f4c4377b",
      "Requirements": []
    },
    "lifecycle": {
      "Package": "lifecycle",
      "Version": "1.0.1",
      "Source": "Repository",
      "Repository": "RSPM",
      "Hash": "a6b6d352e3ed897373ab19d8395c98d0",
      "Requirements": []
    },
    "loo": {
      "Package": "loo",
      "Version": "2.4.1",
      "Source": "Repository",
      "Repository": "RSPM",
      "Hash": "cb08bd08c899e7d68661714d699c42e4",
      "Requirements": []
    },
    "lubridate": {
      "Package": "lubridate",
      "Version": "1.8.0",
      "Source": "Repository",
      "Repository": "RSPM",
      "Hash": "2ff5eedb6ee38fb1b81205c73be1be5a",
      "Requirements": []
    },
    "magrittr": {
      "Package": "magrittr",
      "Version": "2.0.1",
      "Source": "Repository",
      "Repository": "RSPM",
      "Hash": "41287f1ac7d28a92f0a286ed507928d3",
      "Requirements": []
    },
    "maps": {
      "Package": "maps",
      "Version": "3.4.0",
      "Source": "Repository",
      "Repository": "RSPM",
      "Hash": "392212982257ea03c37b63547dc871b4",
      "Requirements": []
    },
    "maptools": {
      "Package": "maptools",
      "Version": "1.1-1",
      "Source": "Repository",
      "Repository": "RSPM",
      "Hash": "beef5712326b384b1e87ba10c01e18f5",
      "Requirements": []
    },
    "markdown": {
      "Package": "markdown",
      "Version": "1.1",
      "Source": "Repository",
      "Repository": "RSPM",
      "Hash": "61e4a10781dd00d7d81dd06ca9b94e95",
      "Requirements": []
    },
    "matrixStats": {
      "Package": "matrixStats",
      "Version": "0.61.0",
      "Source": "Repository",
      "Repository": "RSPM",
      "Hash": "b8e6221fc11247b12ab1b055a6f66c27",
      "Requirements": []
    },
    "mgcv": {
      "Package": "mgcv",
      "Version": "1.8-38",
      "Source": "Repository",
      "Repository": "RSPM",
      "Hash": "be3c61ffbb1e3d3b3df214d192ac5444",
      "Requirements": []
    },
    "mime": {
      "Package": "mime",
      "Version": "0.10",
      "Source": "Repository",
      "Repository": "RSPM",
      "Hash": "26fa77e707223e1ce042b2b5d09993dc",
      "Requirements": []
    },
    "munsell": {
      "Package": "munsell",
      "Version": "0.5.0",
      "Source": "Repository",
      "Repository": "RSPM",
      "Hash": "6dfe8bf774944bd5595785e3229d8771",
      "Requirements": []
    },
    "nlme": {
      "Package": "nlme",
      "Version": "3.1-153",
      "Source": "Repository",
      "Repository": "RSPM",
      "Hash": "2d632e0d963a653a0329756ce701ecdd",
      "Requirements": []
    },
    "numDeriv": {
      "Package": "numDeriv",
      "Version": "2016.8-1.1",
      "Source": "Repository",
      "Repository": "RSPM",
      "Hash": "df58958f293b166e4ab885ebcad90e02",
      "Requirements": []
    },
    "openssl": {
      "Package": "openssl",
      "Version": "1.4.3",
      "Source": "Repository",
      "Repository": "RSPM",
      "Hash": "a399e4773075fc2375b71f45fca186c4",
      "Requirements": []
    },
    "pillar": {
      "Package": "pillar",
      "Version": "1.6.4",
      "Source": "Repository",
      "Repository": "RSPM",
      "Hash": "60200b6aa32314ac457d3efbb5ccbd98",
      "Requirements": []
    },
    "pkgbuild": {
      "Package": "pkgbuild",
      "Version": "1.2.0",
      "Source": "Repository",
      "Repository": "RSPM",
      "Hash": "725fcc30222d4d11ec68efb8ff11a9af",
      "Requirements": []
    },
    "pkgconfig": {
      "Package": "pkgconfig",
      "Version": "2.0.3",
      "Source": "Repository",
      "Repository": "RSPM",
      "Hash": "01f28d4278f15c76cddbea05899c5d6f",
      "Requirements": []
    },
    "prettyunits": {
      "Package": "prettyunits",
      "Version": "1.1.1",
      "Source": "Repository",
      "Repository": "RSPM",
      "Hash": "95ef9167b75dde9d2ccc3c7528393e7e",
      "Requirements": []
    },
    "processx": {
      "Package": "processx",
      "Version": "3.5.2",
      "Source": "Repository",
      "Repository": "RSPM",
      "Hash": "0cbca2bc4d16525d009c4dbba156b37c",
      "Requirements": []
    },
    "progress": {
      "Package": "progress",
      "Version": "1.2.2",
      "Source": "Repository",
      "Repository": "RSPM",
      "Hash": "14dc9f7a3c91ebb14ec5bb9208a07061",
      "Requirements": []
    },
    "prophet": {
      "Package": "prophet",
      "Version": "1.0",
      "Source": "Repository",
      "Repository": "RSPM",
      "Hash": "00a8bda3717c29421222156d494c5a3d",
      "Requirements": []
    },
    "proxy": {
      "Package": "proxy",
      "Version": "0.4-26",
      "Source": "Repository",
      "Repository": "RSPM",
      "Hash": "50b405c6419e921b9e9360cc9ebbcf2d",
      "Requirements": []
    },
    "ps": {
      "Package": "ps",
      "Version": "1.6.0",
      "Source": "Repository",
      "Repository": "RSPM",
      "Hash": "32620e2001c1dce1af49c49dccbb9420",
      "Requirements": []
    },
    "purrr": {
      "Package": "purrr",
      "Version": "0.3.4",
      "Source": "Repository",
      "Repository": "RSPM",
      "Hash": "97def703420c8ab10d8f0e6c72101e02",
      "Requirements": []
    },
    "rapidjsonr": {
      "Package": "rapidjsonr",
      "Version": "1.2.0",
      "Source": "Repository",
      "Repository": "RSPM",
      "Hash": "88b9f48c93d17cdb811b54079a6a414f",
      "Requirements": []
    },
    "rappdirs": {
      "Package": "rappdirs",
      "Version": "0.3.3",
      "Source": "Repository",
      "Repository": "RSPM",
      "Hash": "5e3c5dc0b071b21fa128676560dbe94d",
      "Requirements": []
    },
    "renv": {
      "Package": "renv",
      "Version": "0.15.3",
      "Source": "Repository",
      "Requirements": []
    },
    "rgeos": {
      "Package": "rgeos",
      "Version": "0.5-5",
      "Source": "Repository",
      "Repository": "RSPM",
      "Hash": "94a44c3f0d49ceb80c385610696873ca",
      "Requirements": []
    },
    "rlang": {
      "Package": "rlang",
      "Version": "0.4.12",
      "Source": "Repository",
      "Repository": "RSPM",
      "Hash": "0879f5388fe6e4d56d7ef0b7ccb031e5",
      "Requirements": []
    },
    "rmarkdown": {
      "Package": "rmarkdown",
      "Version": "2.2",
      "Source": "Repository",
      "Repository": "RSPM",
      "Hash": "aa82ab08b203d5a32a5b5f404e80c399",
      "Requirements": []
    },
    "rprojroot": {
      "Package": "rprojroot",
      "Version": "2.0.2",
      "Source": "Repository",
      "Repository": "RSPM",
      "Hash": "249d8cd1e74a8f6a26194a91b47f21d1",
      "Requirements": []
    },
    "rstan": {
      "Package": "rstan",
      "Version": "2.21.2",
      "Source": "Repository",
      "Repository": "RSPM",
      "Hash": "52772d81aa532a6331fd535701882c12",
      "Requirements": []
    },
    "rstantools": {
      "Package": "rstantools",
      "Version": "2.1.1",
      "Source": "Repository",
      "Repository": "RSPM",
      "Hash": "c91e0f20c967e246cb6f2efe8c60e15b",
      "Requirements": []
    },
    "rstudioapi": {
      "Package": "rstudioapi",
      "Version": "0.13",
      "Source": "Repository",
      "Repository": "RSPM",
      "Hash": "06c85365a03fdaf699966cc1d3cf53ea",
      "Requirements": []
    },
    "rworldmap": {
      "Package": "rworldmap",
      "Version": "1.3-6",
      "Source": "Repository",
      "Repository": "RSPM",
      "Hash": "b34f146159f7c6c4331caff2062cd5e9",
      "Requirements": []
    },
    "s2": {
      "Package": "s2",
      "Version": "1.0.6",
      "Source": "Repository",
      "Repository": "RSPM",
      "Hash": "fb018249cc4b7ae7147d511fd33ddf82",
      "Requirements": []
    },
    "sandwich": {
      "Package": "sandwich",
      "Version": "3.0-1",
      "Source": "Repository",
      "Repository": "RSPM",
      "Hash": "b79279ca91d53a98de8144852b67a1d0",
      "Requirements": []
    },
    "scales": {
      "Package": "scales",
      "Version": "1.1.1",
      "Source": "Repository",
      "Repository": "RSPM",
      "Hash": "6f76f71042411426ec8df6c54f34e6dd",
      "Requirements": []
    },
    "sf": {
      "Package": "sf",
      "Version": "1.0-2",
      "Source": "Repository",
      "Repository": "RSPM",
      "Hash": "464dca3e4f0bb13cf202630bfed2753a",
      "Requirements": []
    },
    "sp": {
      "Package": "sp",
      "Version": "1.4-5",
      "Source": "Repository",
      "Repository": "RSPM",
      "Hash": "dfd843ee98246cf932823acf613b05dd",
      "Requirements": []
    },
    "spam": {
      "Package": "spam",
      "Version": "2.7-0",
      "Source": "Repository",
      "Repository": "RSPM",
      "Hash": "1abde1bf414425ea288fd9e277d6e410",
      "Requirements": []
    },
    "storr": {
      "Package": "storr",
      "Version": "1.2.1",
      "Source": "Repository",
      "Repository": "RSPM",
      "Hash": "0a3635220b58f2c2faccd78e97b0cafd",
      "Requirements": []
    },
    "stringi": {
      "Package": "stringi",
      "Version": "1.7.6",
      "Source": "Repository",
      "Repository": "RSPM",
      "Hash": "7943cfae120c77a255025e5f63856532",
      "Requirements": []
    },
    "stringr": {
      "Package": "stringr",
      "Version": "1.4.0",
      "Source": "Repository",
      "Repository": "RSPM",
      "Hash": "0759e6b6c0957edb1311028a49a35e76",
      "Requirements": []
    },
    "sys": {
      "Package": "sys",
      "Version": "3.4",
      "Source": "Repository",
      "Repository": "RSPM",
      "Hash": "b227d13e29222b4574486cfcbde077fa",
      "Requirements": []
    },
    "systemfonts": {
      "Package": "systemfonts",
      "Version": "0.2.3",
      "Source": "Repository",
      "Repository": "RSPM",
      "Hash": "86e3c704ca4e498330d0d8730b437a4d",
      "Requirements": []
    },
    "tibble": {
      "Package": "tibble",
      "Version": "3.1.6",
      "Source": "Repository",
      "Repository": "RSPM",
      "Hash": "8a8f02d1934dfd6431c671361510dd0b",
      "Requirements": []
    },
    "tidyr": {
      "Package": "tidyr",
      "Version": "1.1.4",
      "Source": "Repository",
      "Repository": "RSPM",
      "Hash": "c8fbdbd9fcac223d6c6fe8e406f368e1",
      "Requirements": []
    },
    "tidyselect": {
      "Package": "tidyselect",
      "Version": "1.1.1",
      "Source": "Repository",
      "Repository": "RSPM",
      "Hash": "7243004a708d06d4716717fa1ff5b2fe",
      "Requirements": []
    },
    "tinytex": {
      "Package": "tinytex",
      "Version": "0.23",
      "Source": "Repository",
      "Repository": "RSPM",
      "Hash": "a8c653ef8ce67683f588e6088ed45572",
      "Requirements": []
    },
    "txtq": {
      "Package": "txtq",
      "Version": "0.2.0",
      "Source": "Repository",
      "Repository": "RSPM",
      "Hash": "92e5a36ad5b445e895a0f9b98db4d810",
      "Requirements": []
    },
    "units": {
      "Package": "units",
      "Version": "0.7-2",
      "Source": "Repository",
      "Repository": "RSPM",
      "Hash": "e0f85712d5371ab2841f63cdb33fe0f0",
      "Requirements": []
    },
    "utf8": {
      "Package": "utf8",
      "Version": "1.2.2",
      "Source": "Repository",
      "Repository": "RSPM",
      "Hash": "c9c462b759a5cc844ae25b5942654d13",
      "Requirements": []
    },
    "vctrs": {
      "Package": "vctrs",
      "Version": "0.3.8",
      "Source": "Repository",
      "Repository": "RSPM",
      "Hash": "ecf749a1b39ea72bd9b51b76292261f1",
      "Requirements": []
    },
    "viridis": {
      "Package": "viridis",
      "Version": "0.6.1",
      "Source": "Repository",
      "Repository": "RSPM",
      "Hash": "424d1285b7372d39806abb19467e4df4",
      "Requirements": []
    },
    "viridisLite": {
      "Package": "viridisLite",
      "Version": "0.4.0",
      "Source": "Repository",
      "Repository": "RSPM",
      "Hash": "55e157e2aa88161bdb0754218470d204",
      "Requirements": []
    },
    "visNetwork": {
      "Package": "visNetwork",
      "Version": "2.0.9",
      "Source": "Repository",
      "Repository": "RSPM",
      "Hash": "12545f2acf49d1d346d075580122d89c",
      "Requirements": []
    },
    "withr": {
      "Package": "withr",
      "Version": "2.4.2",
      "Source": "Repository",
      "Repository": "RSPM",
      "Hash": "ad03909b44677f930fa156d47d7a3aeb",
      "Requirements": []
    },
    "wk": {
      "Package": "wk",
      "Version": "0.5.0",
      "Source": "Repository",
      "Repository": "RSPM",
      "Hash": "60e191a866c5649a8f58a458f5e60edf",
      "Requirements": []
    },
    "xfun": {
      "Package": "xfun",
      "Version": "0.14",
      "Source": "Repository",
      "Repository": "RSPM",
      "Hash": "60e146e3aba37a547e12306dc3da77a6",
      "Requirements": []
    },
    "xts": {
      "Package": "xts",
      "Version": "0.12.1",
      "Source": "Repository",
      "Repository": "RSPM",
      "Hash": "ca2fd4ad8ef78cca3aa2b30f992798a8",
      "Requirements": []
    },
    "yaml": {
      "Package": "yaml",
      "Version": "2.2.1",
      "Source": "Repository",
      "Repository": "RSPM",
      "Hash": "2826c5d9efb0a88f657c7a679c7106db",
      "Requirements": []
    },
    "zoo": {
      "Package": "zoo",
      "Version": "1.8-9",
      "Source": "Repository",
      "Repository": "RSPM",
      "Hash": "035d1c7c12593038c26fb1c2fd40c4d2",
      "Requirements": []
    }
  }
}
